github.com/charmbracelet/bubbletea v0.25.0 h1:3b0t+1i1e/3RC5R3A1eW3k/wD4BVe3S3L3sOh1FPe4=
github.com/charmbracelet/bubbletea v0.25.0/go.mod h1:Ch1sumCph5e3TxR+sH6DpZBhMrjkMNiRDMcRv3N3yX0=
github.com/charmbracelet/lipgloss v0.9.1 h1:3C9+eaQf/4dD7LVgMEEz0L0T/5IOi2gW1B2J2vqXU=
github.com/charmbracelet/lipgloss v0.9.1/go.mod h1:FPP7ungk4LflrEWnEsHDfG3VvL/2pbnPViY0W7Y3QSk=
github.com/inconshreveable/mousetrap v1.1.0 h1:wN+x4NVGpMsO7ErUn/mUI3vEoE6Jt13X2s0bqobttT8=
github.com/inconshreveable/mousetrap v1.1.0/go.mod h1:vpF70FUmC8bwa3OWnCshd2FqLfsEA9PFc4w1p2J65bw=
github.com/lucasb-eyer/go-colorful v1.2.0 h1:1nnpWOrL95XW+vpyDEoLqE82dokxMzVUEi33MqJ3S2U=
github.com/lucasb-eyer/go-colorful v1.2.0/go.mod h1:0X4lobcvwsqC9Od4LF+1KGsVhFE8SmB/ZqsIY7eQ+48=
github.com/mattn/go-isatty v0.0.20 h1:xfD0i9ke6g6762zR6t3V StroABuoXjBZtt7EoGQ3Q2bU=
github.com/mattn/go-isatty v0.0.20/go.mod h1:W+V8PltTTMOvKvAeJH7IuucS94S2C6jfK/D7dTCTo3Y=
github.com/muesli/reflow v0.3.0 h1:IG7mCU8T7CO4++MI2W/JGVMfL3oVRvE9Fkw2Vh3Q7w=
github.com/muesli/reflow v0.3.0/go.mod h1:pbwTDkVP9jVaLHDJQl7G58roImPQWz3NlZNoC86F3FA=
github.com/samber/lo v1.38.1 h1:p1y4eRGvL9TF5I/SFJjGqOjkYFJGlGS3UN3sVNV4YhA=
github.com/samber/lo v1.38.1/go.mod h1:2kMh2fJgR3F2K/H9G3puuIh4VxksRJc7dIn4K2vLTJo=
github.com/spf13/cobra v1.8.0 h1:7aJaZx1B8KC4PZA9Dp6iZpkj7/8O+BTdz+Le1Mvy8E=
github.com/spf13/cobra v1.8.0/go.mod h1:W60ZRz0cjrR6JDi3yJ5R7cCyMindoGK5TQu+jManhX8=
github.com/spf13/pflag v1.0.5 h1:iy+VFUOCP1a+8yFto/drg2CJ5VmG+bB4IBP2pANXq8=
github.com/spf13/pflag v1.0.5/go.mod h1:McXfInJRrz4CZXVZOBLb0bTZqETkiAhM9Iw0y3An2Bg=
golang.org/x/sys v0.14.0 h1:CM0HF96J0hcLAwsHPJZjfdNzs0gftsLfgKt57wWHJ0o=
golang.org/x/sys v0.14.0/go.mod h1:MVU/hWCMN3dVJFParfFUxZp4sQ4sIrVz5JKqIY3l7V3w=
golang.org/x/term v0.14.0 h1:WT5aU8qFz7IMGeM99ZIwe8y4jqT5ArFJIUNjE0VWhqA=
golang.org/x/term v0.14.0/go.mod h1:DbZbgZ2QCHdLuLADg6mEKv3PPH2VW7E1z0WdWxNfeZyA=
golang.org/x/text v0.14.0 h1:ScX5w1eTa3QqT8oi6+ziP7dTV1S2+ALU0bI+0zXKWiQ=
golang.org/x/text v0.14.0/go.mod h1:18ZOQIKpY8NJVqYksKHtTdi31H5itFRjB5/qKTNYzSU=
